
Microsoft Visual Studio Solution File, Format Version 12.00
# Visual Studio 15
VisualStudioVersion = 15.0.26730.16
MinimumVisualStudioVersion = 10.0.40219.1
Project("{FAE04EC0-301F-11D3-BF4B-00C04F79EFBC}") = "ProductCatalog", "ProductCatalog\ProductCatalog.csproj", "{D04B91ED-C6DE-4CAA-BB51-D1CA4755CC52}"
EndProject
Global
	GlobalSection(SolutionConfigurationPlatforms) = preSolution
		Debug|Any CPU = Debug|Any CPU
		Release|Any CPU = Release|Any CPU
	EndGlobalSection
	GlobalSection(ProjectConfigurationPlatforms) = postSolution
		{D04B91ED-C6DE-4CAA-BB51-D1CA4755CC52}.Debug|Any CPU.ActiveCfg = Debug|Any CPU
		{D04B91ED-C6DE-4CAA-BB51-D1CA4755CC52}.Debug|Any CPU.Build.0 = Debug|Any CPU
		{D04B91ED-C6DE-4CAA-BB51-D1CA4755CC52}.Release|Any CPU.ActiveCfg = Release|Any CPU
		{D04B91ED-C6DE-4CAA-BB51-D1CA4755CC52}.Release|Any CPU.Build.0 = Release|Any CPU
	EndGlobalSection
	GlobalSection(SolutionProperties) = preSolution
		HideSolutionNode = FALSE
	EndGlobalSection
	GlobalSection(ExtensibilityGlobals) = postSolution
		SolutionGuid = {EF56E584-C86E-4A5C-A2E4-F98F96A9D8EC}
	EndGlobalSection
EndGlobal
